
Microsoft Visual Studio Solution File, Format Version 12.00
# Visual Studio 15
VisualStudioVersion = 15.0.26730.16
MinimumVisualStudioVersion = 10.0.40219.1
Project("{FAE04EC0-301F-11D3-BF4B-00C04F79EFBC}") = "Vj01_Zadatak01", "Vj01_Zadatak01\Vj01_Zadatak01.csproj", "{F88D0978-B31E-4959-B2D5-3BEED1E39FBF}"
EndProject
Project("{FAE04EC0-301F-11D3-BF4B-00C04F79EFBC}") = "Vj01_Zadatak02", "Vj01_Zadatak02\Vj01_Zadatak02.csproj", "{F1A5B0D4-ACEC-4BA6-9D6C-8770F153EB06}"
EndProject
Project("{FAE04EC0-301F-11D3-BF4B-00C04F79EFBC}") = "Vj01_Zadatak03", "Vj01_Zadatak03\Vj01_Zadatak03.csproj", "{365238BA-C6FF-4F33-80C9-963EAFE82E23}"
EndProject
Project("{FAE04EC0-301F-11D3-BF4B-00C04F79EFBC}") = "Vj01_Zadatak04", "Vj01_Zadatak04\Vj01_Zadatak04.csproj", "{DF872BBB-ACEE-441F-8250-6A1F336C12C2}"
EndProject
Project("{FAE04EC0-301F-11D3-BF4B-00C04F79EFBC}") = "Vj01_Zadatak05", "Vj01_Zadatak05\Vj01_Zadatak05.csproj", "{B90E5D98-F39E-4C5E-8C39-887BDB51EE5C}"
EndProject
Project("{FAE04EC0-301F-11D3-BF4B-00C04F79EFBC}") = "Vj01_Zadatak06", "Vj01_Zadatak06\Vj01_Zadatak06.csproj", "{64115312-EB78-4A32-AE4D-B763CE7C7EC8}"
EndProject
Project("{FAE04EC0-301F-11D3-BF4B-00C04F79EFBC}") = "Vj01_Zadatak07", "Vj01_Zadatak07\Vj01_Zadatak07.csproj", "{D37C8B4F-59F9-44BA-B415-EB623E9699E3}"
EndProject
Project("{FAE04EC0-301F-11D3-BF4B-00C04F79EFBC}") = "Vj02_Zadatak01", "Vj02_Zadatak01\Vj02_Zadatak01.csproj", "{064FA7A2-C78D-4F0E-A136-05230D0BF3D5}"
EndProject
Project("{FAE04EC0-301F-11D3-BF4B-00C04F79EFBC}") = "Vj02_Zadatak02", "Vj02_Zadatak02\Vj02_Zadatak02.csproj", "{F2A12D38-8904-430F-9E5B-E23A8F83E113}"
EndProject
Project("{FAE04EC0-301F-11D3-BF4B-00C04F79EFBC}") = "Vj02_Zadatak03", "Vj02_Zadatak03\Vj02_Zadatak03.csproj", "{6402F0BB-5DD5-4DC9-88EE-B808AE05A3FB}"
EndProject
Project("{FAE04EC0-301F-11D3-BF4B-00C04F79EFBC}") = "Vj02_Zadatak04", "Vj02_Zadatak04\Vj02_Zadatak04.csproj", "{5DFE4F91-23A4-47BE-9D72-659443B4156E}"
EndProject
Project("{FAE04EC0-301F-11D3-BF4B-00C04F79EFBC}") = "Vj02_Zadatak05", "Vj02_Zadatak05\Vj02_Zadatak05.csproj", "{5D7C1B10-4B86-4487-B0B3-238DD46E7F35}"
EndProject
Project("{FAE04EC0-301F-11D3-BF4B-00C04F79EFBC}") = "Vj02_Zadatak06", "Vj02_Zadatak06\Vj02_Zadatak06.csproj", "{F77B4BA6-388C-4E69-98F9-B8F93B84F10E}"
EndProject
Project("{FAE04EC0-301F-11D3-BF4B-00C04F79EFBC}") = "Vj02_Zadatak07", "Vj02_Zadatak07\Vj02_Zadatak07.csproj", "{5D13020A-2E9B-4387-8323-1D7B120EC9E7}"
EndProject
Project("{FAE04EC0-301F-11D3-BF4B-00C04F79EFBC}") = "Vj02_Zadatak08", "Vj02_Zadatak08\Vj02_Zadatak08.csproj", "{ABF4B130-B158-4083-8131-F009BBE07932}"
EndProject
Project("{FAE04EC0-301F-11D3-BF4B-00C04F79EFBC}") = "Vj02_Zadatak09", "Vj02_Zadatak09\Vj02_Zadatak09.csproj", "{1FDE62C6-C934-4702-A647-358AB4B89D42}"
EndProject
Project("{FAE04EC0-301F-11D3-BF4B-00C04F79EFBC}") = "Vj03_Zadatak01", "Vj03_Zadatak01\Vj03_Zadatak01.csproj", "{82398D42-1EC2-496F-82C5-3ACBF1D64F59}"
EndProject
Project("{FAE04EC0-301F-11D3-BF4B-00C04F79EFBC}") = "Vj03_Zadatak02", "Vj03_Zadatak02\Vj03_Zadatak02.csproj", "{B43B13B0-58E5-4AF9-AC94-989325346F62}"
EndProject
Project("{FAE04EC0-301F-11D3-BF4B-00C04F79EFBC}") = "Vj03_Zadatak03", "Vj03_Zadatak03\Vj03_Zadatak03.csproj", "{687F0DA0-0AA8-4FEF-9D96-B752F4BB7A22}"
EndProject
Project("{FAE04EC0-301F-11D3-BF4B-00C04F79EFBC}") = "Vj03_Zadatak04", "Vj03_Zadatak04\Vj03_Zadatak04.csproj", "{9320C037-CCB3-4405-973A-8A4D2FEF16FF}"
EndProject
Project("{FAE04EC0-301F-11D3-BF4B-00C04F79EFBC}") = "Vj03_Zadatak05", "Vj03_Zadatak05\Vj03_Zadatak05.csproj", "{141CE96F-3D18-426B-9711-E337132D0B09}"
EndProject
Project("{FAE04EC0-301F-11D3-BF4B-00C04F79EFBC}") = "Vj03_Zadatak06", "Vj03_Zadatak06\Vj03_Zadatak06.csproj", "{5891207A-6C55-4B16-A8D9-0E86FC1DDA49}"
EndProject
Project("{FAE04EC0-301F-11D3-BF4B-00C04F79EFBC}") = "Vj03_Zadatak07", "Vj03_Zadatak07\Vj03_Zadatak07.csproj", "{F0412602-26E6-4910-B1CF-F164F4CFFE6C}"
EndProject
Project("{FAE04EC0-301F-11D3-BF4B-00C04F79EFBC}") = "Vj03_Zadatak08", "Vj03_Zadatak08\Vj03_Zadatak08.csproj", "{4AD42759-3D05-4109-A685-F94EF7123653}"
EndProject
Project("{FAE04EC0-301F-11D3-BF4B-00C04F79EFBC}") = "Vj03_Zadatak09", "Vj03_Zadatak09\Vj03_Zadatak09.csproj", "{63B1D0CA-1275-4C44-BE33-F1DFFF7CAF50}"
EndProject
Project("{FAE04EC0-301F-11D3-BF4B-00C04F79EFBC}") = "Vj04_Zadatak01", "Vj04_Zadatak01\Vj04_Zadatak01.csproj", "{5699EFC4-60D3-4862-A265-F168BC04DED4}"
EndProject
Project("{FAE04EC0-301F-11D3-BF4B-00C04F79EFBC}") = "Vj04_Zadatak02", "Vj04_Zadatak02\Vj04_Zadatak02.csproj", "{DC02320E-E97C-45F9-8F07-FEDE0DB76887}"
EndProject
Project("{FAE04EC0-301F-11D3-BF4B-00C04F79EFBC}") = "Vj04_Zadatak03", "Vj04_Zadatak03\Vj04_Zadatak03.csproj", "{F6AD6863-7AA2-48DA-80B5-2CC9F6E4BCE8}"
EndProject
Project("{FAE04EC0-301F-11D3-BF4B-00C04F79EFBC}") = "Vj04_Zadatak04", "Vj04_Zadatak04\Vj04_Zadatak04.csproj", "{3975F557-F5EB-4DF7-ADD2-8831D946905D}"
EndProject
Project("{FAE04EC0-301F-11D3-BF4B-00C04F79EFBC}") = "Vj04_Zadatak05", "Vj04_Zadatak05\Vj04_Zadatak05.csproj", "{71680BEB-B259-409A-A3DF-562ECEB60C5A}"
EndProject
Project("{2150E333-8FDC-42A3-9474-1A3956D46DE8}") = "Vjezbe 09", "Vjezbe 09", "{A7C06301-0220-4C6C-A14D-6EB0D0C30C76}"
EndProject
Project("{2150E333-8FDC-42A3-9474-1A3956D46DE8}") = "Vjezbe 14", "Vjezbe 14", "{0D006B11-34F9-4867-807B-634C05C6673A}"
EndProject
Project("{2150E333-8FDC-42A3-9474-1A3956D46DE8}") = "Vjezbe 13", "Vjezbe 13", "{96B6B8E5-C44F-4BED-96DE-31ACFBAD7513}"
EndProject
Project("{2150E333-8FDC-42A3-9474-1A3956D46DE8}") = "Vjezbe 12", "Vjezbe 12", "{8D4D05A1-7AEB-4E9A-AACC-207062CE0525}"
EndProject
Project("{2150E333-8FDC-42A3-9474-1A3956D46DE8}") = "Vjezbe 11", "Vjezbe 11", "{F7758CC2-1AD3-473E-B08C-A7CD83105658}"
EndProject
Project("{2150E333-8FDC-42A3-9474-1A3956D46DE8}") = "Vjezbe 10", "Vjezbe 10", "{844DD09E-D9A6-4640-A511-75ED29F2F924}"
EndProject
Project("{FAE04EC0-301F-11D3-BF4B-00C04F79EFBC}") = "Vj05_Zadatak01", "Vj05_Zadatak01\Vj05_Zadatak01.csproj", "{AE25E892-5917-487B-A6E3-DCF37AFEE6A6}"
EndProject
Project("{FAE04EC0-301F-11D3-BF4B-00C04F79EFBC}") = "Vj05_Zadatak02", "Vj05_Zadatak02\Vj05_Zadatak02.csproj", "{3278337B-B6C3-4C02-8D37-3EB17E1CDE85}"
EndProject
Project("{FAE04EC0-301F-11D3-BF4B-00C04F79EFBC}") = "Vj05_Zadatak03", "Vj05_Zadatak03\Vj05_Zadatak03.csproj", "{B595327E-E2D2-497B-A427-D6E01EECDBFB}"
EndProject
Project("{FAE04EC0-301F-11D3-BF4B-00C04F79EFBC}") = "Vj05_Zadatak04", "Vj05_Zadatak04\Vj05_Zadatak04.csproj", "{9A019F18-2FE5-41BD-80C3-DF7477983698}"
EndProject
Project("{FAE04EC0-301F-11D3-BF4B-00C04F79EFBC}") = "Vj05_Zadatak05", "Vj05_Zadatak05\Vj05_Zadatak05.csproj", "{354F2DFA-CABD-42A2-A115-40CF6094AF5D}"
EndProject
Project("{FAE04EC0-301F-11D3-BF4B-00C04F79EFBC}") = "Vj05_Zadatak06", "Vj05_Zadatak06\Vj05_Zadatak06.csproj", "{09BE2DAC-DC2B-4AAF-B424-BD7AEA3F1F04}"
EndProject
Project("{FAE04EC0-301F-11D3-BF4B-00C04F79EFBC}") = "Vj05_Zadatak07", "Vj05_Zadatak07\Vj05_Zadatak07.csproj", "{D4C012C7-E11D-44E7-94C3-79F9C04A350B}"
EndProject
Project("{FAE04EC0-301F-11D3-BF4B-00C04F79EFBC}") = "Vj05_Zadatak08", "Vj05_Zadatak08\Vj05_Zadatak08.csproj", "{9FFD1E77-B186-4283-A814-A89CBE8E0ED8}"
EndProject
Project("{FAE04EC0-301F-11D3-BF4B-00C04F79EFBC}") = "Vj06_Zadatak01", "Vj06_Zadatak01\Vj06_Zadatak01.csproj", "{8C871E39-9E4E-445B-8760-1C0F4F3600E4}"
EndProject
Project("{FAE04EC0-301F-11D3-BF4B-00C04F79EFBC}") = "Vj06_Zadatak02", "Vj06_Zadatak02\Vj06_Zadatak02.csproj", "{35704FF7-10E7-46AD-9F02-44FDFAC5F4A5}"
EndProject
Project("{FAE04EC0-301F-11D3-BF4B-00C04F79EFBC}") = "Vj06_Zadatak03", "Vj06_Zadatak03\Vj06_Zadatak03.csproj", "{0D4DC057-F4D0-4475-A76D-CD8E4A1DE5B4}"
EndProject
Global
	GlobalSection(SolutionConfigurationPlatforms) = preSolution
		Debug|Any CPU = Debug|Any CPU
		Release|Any CPU = Release|Any CPU
	EndGlobalSection
	GlobalSection(ProjectConfigurationPlatforms) = postSolution
		{F88D0978-B31E-4959-B2D5-3BEED1E39FBF}.Debug|Any CPU.ActiveCfg = Debug|Any CPU
		{F88D0978-B31E-4959-B2D5-3BEED1E39FBF}.Debug|Any CPU.Build.0 = Debug|Any CPU
		{F88D0978-B31E-4959-B2D5-3BEED1E39FBF}.Release|Any CPU.ActiveCfg = Release|Any CPU
		{F88D0978-B31E-4959-B2D5-3BEED1E39FBF}.Release|Any CPU.Build.0 = Release|Any CPU
		{F1A5B0D4-ACEC-4BA6-9D6C-8770F153EB06}.Debug|Any CPU.ActiveCfg = Debug|Any CPU
		{F1A5B0D4-ACEC-4BA6-9D6C-8770F153EB06}.Debug|Any CPU.Build.0 = Debug|Any CPU
		{F1A5B0D4-ACEC-4BA6-9D6C-8770F153EB06}.Release|Any CPU.ActiveCfg = Release|Any CPU
		{F1A5B0D4-ACEC-4BA6-9D6C-8770F153EB06}.Release|Any CPU.Build.0 = Release|Any CPU
		{365238BA-C6FF-4F33-80C9-963EAFE82E23}.Debug|Any CPU.ActiveCfg = Debug|Any CPU
		{365238BA-C6FF-4F33-80C9-963EAFE82E23}.Debug|Any CPU.Build.0 = Debug|Any CPU
		{365238BA-C6FF-4F33-80C9-963EAFE82E23}.Release|Any CPU.ActiveCfg = Release|Any CPU
		{365238BA-C6FF-4F33-80C9-963EAFE82E23}.Release|Any CPU.Build.0 = Release|Any CPU
		{DF872BBB-ACEE-441F-8250-6A1F336C12C2}.Debug|Any CPU.ActiveCfg = Debug|Any CPU
		{DF872BBB-ACEE-441F-8250-6A1F336C12C2}.Debug|Any CPU.Build.0 = Debug|Any CPU
		{DF872BBB-ACEE-441F-8250-6A1F336C12C2}.Release|Any CPU.ActiveCfg = Release|Any CPU
		{DF872BBB-ACEE-441F-8250-6A1F336C12C2}.Release|Any CPU.Build.0 = Release|Any CPU
		{B90E5D98-F39E-4C5E-8C39-887BDB51EE5C}.Debug|Any CPU.ActiveCfg = Debug|Any CPU
		{B90E5D98-F39E-4C5E-8C39-887BDB51EE5C}.Debug|Any CPU.Build.0 = Debug|Any CPU
		{B90E5D98-F39E-4C5E-8C39-887BDB51EE5C}.Release|Any CPU.ActiveCfg = Release|Any CPU
		{B90E5D98-F39E-4C5E-8C39-887BDB51EE5C}.Release|Any CPU.Build.0 = Release|Any CPU
		{64115312-EB78-4A32-AE4D-B763CE7C7EC8}.Debug|Any CPU.ActiveCfg = Debug|Any CPU
		{64115312-EB78-4A32-AE4D-B763CE7C7EC8}.Debug|Any CPU.Build.0 = Debug|Any CPU
		{64115312-EB78-4A32-AE4D-B763CE7C7EC8}.Release|Any CPU.ActiveCfg = Release|Any CPU
		{64115312-EB78-4A32-AE4D-B763CE7C7EC8}.Release|Any CPU.Build.0 = Release|Any CPU
		{D37C8B4F-59F9-44BA-B415-EB623E9699E3}.Debug|Any CPU.ActiveCfg = Debug|Any CPU
		{D37C8B4F-59F9-44BA-B415-EB623E9699E3}.Debug|Any CPU.Build.0 = Debug|Any CPU
		{D37C8B4F-59F9-44BA-B415-EB623E9699E3}.Release|Any CPU.ActiveCfg = Release|Any CPU
		{D37C8B4F-59F9-44BA-B415-EB623E9699E3}.Release|Any CPU.Build.0 = Release|Any CPU
		{064FA7A2-C78D-4F0E-A136-05230D0BF3D5}.Debug|Any CPU.ActiveCfg = Debug|Any CPU
		{064FA7A2-C78D-4F0E-A136-05230D0BF3D5}.Debug|Any CPU.Build.0 = Debug|Any CPU
		{064FA7A2-C78D-4F0E-A136-05230D0BF3D5}.Release|Any CPU.ActiveCfg = Release|Any CPU
		{064FA7A2-C78D-4F0E-A136-05230D0BF3D5}.Release|Any CPU.Build.0 = Release|Any CPU
		{F2A12D38-8904-430F-9E5B-E23A8F83E113}.Debug|Any CPU.ActiveCfg = Debug|Any CPU
		{F2A12D38-8904-430F-9E5B-E23A8F83E113}.Debug|Any CPU.Build.0 = Debug|Any CPU
		{F2A12D38-8904-430F-9E5B-E23A8F83E113}.Release|Any CPU.ActiveCfg = Release|Any CPU
		{F2A12D38-8904-430F-9E5B-E23A8F83E113}.Release|Any CPU.Build.0 = Release|Any CPU
		{6402F0BB-5DD5-4DC9-88EE-B808AE05A3FB}.Debug|Any CPU.ActiveCfg = Debug|Any CPU
		{6402F0BB-5DD5-4DC9-88EE-B808AE05A3FB}.Debug|Any CPU.Build.0 = Debug|Any CPU
		{6402F0BB-5DD5-4DC9-88EE-B808AE05A3FB}.Release|Any CPU.ActiveCfg = Release|Any CPU
		{6402F0BB-5DD5-4DC9-88EE-B808AE05A3FB}.Release|Any CPU.Build.0 = Release|Any CPU
		{5DFE4F91-23A4-47BE-9D72-659443B4156E}.Debug|Any CPU.ActiveCfg = Debug|Any CPU
		{5DFE4F91-23A4-47BE-9D72-659443B4156E}.Debug|Any CPU.Build.0 = Debug|Any CPU
		{5DFE4F91-23A4-47BE-9D72-659443B4156E}.Release|Any CPU.ActiveCfg = Release|Any CPU
		{5DFE4F91-23A4-47BE-9D72-659443B4156E}.Release|Any CPU.Build.0 = Release|Any CPU
		{5D7C1B10-4B86-4487-B0B3-238DD46E7F35}.Debug|Any CPU.ActiveCfg = Debug|Any CPU
		{5D7C1B10-4B86-4487-B0B3-238DD46E7F35}.Debug|Any CPU.Build.0 = Debug|Any CPU
		{5D7C1B10-4B86-4487-B0B3-238DD46E7F35}.Release|Any CPU.ActiveCfg = Release|Any CPU
		{5D7C1B10-4B86-4487-B0B3-238DD46E7F35}.Release|Any CPU.Build.0 = Release|Any CPU
		{F77B4BA6-388C-4E69-98F9-B8F93B84F10E}.Debug|Any CPU.ActiveCfg = Debug|Any CPU
		{F77B4BA6-388C-4E69-98F9-B8F93B84F10E}.Debug|Any CPU.Build.0 = Debug|Any CPU
		{F77B4BA6-388C-4E69-98F9-B8F93B84F10E}.Release|Any CPU.ActiveCfg = Release|Any CPU
		{F77B4BA6-388C-4E69-98F9-B8F93B84F10E}.Release|Any CPU.Build.0 = Release|Any CPU
		{5D13020A-2E9B-4387-8323-1D7B120EC9E7}.Debug|Any CPU.ActiveCfg = Debug|Any CPU
		{5D13020A-2E9B-4387-8323-1D7B120EC9E7}.Debug|Any CPU.Build.0 = Debug|Any CPU
		{5D13020A-2E9B-4387-8323-1D7B120EC9E7}.Release|Any CPU.ActiveCfg = Release|Any CPU
		{5D13020A-2E9B-4387-8323-1D7B120EC9E7}.Release|Any CPU.Build.0 = Release|Any CPU
		{ABF4B130-B158-4083-8131-F009BBE07932}.Debug|Any CPU.ActiveCfg = Debug|Any CPU
		{ABF4B130-B158-4083-8131-F009BBE07932}.Debug|Any CPU.Build.0 = Debug|Any CPU
		{ABF4B130-B158-4083-8131-F009BBE07932}.Release|Any CPU.ActiveCfg = Release|Any CPU
		{ABF4B130-B158-4083-8131-F009BBE07932}.Release|Any CPU.Build.0 = Release|Any CPU
		{1FDE62C6-C934-4702-A647-358AB4B89D42}.Debug|Any CPU.ActiveCfg = Debug|Any CPU
		{1FDE62C6-C934-4702-A647-358AB4B89D42}.Debug|Any CPU.Build.0 = Debug|Any CPU
		{1FDE62C6-C934-4702-A647-358AB4B89D42}.Release|Any CPU.ActiveCfg = Release|Any CPU
		{1FDE62C6-C934-4702-A647-358AB4B89D42}.Release|Any CPU.Build.0 = Release|Any CPU
		{82398D42-1EC2-496F-82C5-3ACBF1D64F59}.Debug|Any CPU.ActiveCfg = Debug|Any CPU
		{82398D42-1EC2-496F-82C5-3ACBF1D64F59}.Debug|Any CPU.Build.0 = Debug|Any CPU
		{82398D42-1EC2-496F-82C5-3ACBF1D64F59}.Release|Any CPU.ActiveCfg = Release|Any CPU
		{82398D42-1EC2-496F-82C5-3ACBF1D64F59}.Release|Any CPU.Build.0 = Release|Any CPU
		{B43B13B0-58E5-4AF9-AC94-989325346F62}.Debug|Any CPU.ActiveCfg = Debug|Any CPU
		{B43B13B0-58E5-4AF9-AC94-989325346F62}.Debug|Any CPU.Build.0 = Debug|Any CPU
		{B43B13B0-58E5-4AF9-AC94-989325346F62}.Release|Any CPU.ActiveCfg = Release|Any CPU
		{B43B13B0-58E5-4AF9-AC94-989325346F62}.Release|Any CPU.Build.0 = Release|Any CPU
		{687F0DA0-0AA8-4FEF-9D96-B752F4BB7A22}.Debug|Any CPU.ActiveCfg = Debug|Any CPU
		{687F0DA0-0AA8-4FEF-9D96-B752F4BB7A22}.Debug|Any CPU.Build.0 = Debug|Any CPU
		{687F0DA0-0AA8-4FEF-9D96-B752F4BB7A22}.Release|Any CPU.ActiveCfg = Release|Any CPU
		{687F0DA0-0AA8-4FEF-9D96-B752F4BB7A22}.Release|Any CPU.Build.0 = Release|Any CPU
		{9320C037-CCB3-4405-973A-8A4D2FEF16FF}.Debug|Any CPU.ActiveCfg = Debug|Any CPU
		{9320C037-CCB3-4405-973A-8A4D2FEF16FF}.Debug|Any CPU.Build.0 = Debug|Any CPU
		{9320C037-CCB3-4405-973A-8A4D2FEF16FF}.Release|Any CPU.ActiveCfg = Release|Any CPU
		{9320C037-CCB3-4405-973A-8A4D2FEF16FF}.Release|Any CPU.Build.0 = Release|Any CPU
		{141CE96F-3D18-426B-9711-E337132D0B09}.Debug|Any CPU.ActiveCfg = Debug|Any CPU
		{141CE96F-3D18-426B-9711-E337132D0B09}.Debug|Any CPU.Build.0 = Debug|Any CPU
		{141CE96F-3D18-426B-9711-E337132D0B09}.Release|Any CPU.ActiveCfg = Release|Any CPU
		{141CE96F-3D18-426B-9711-E337132D0B09}.Release|Any CPU.Build.0 = Release|Any CPU
		{5891207A-6C55-4B16-A8D9-0E86FC1DDA49}.Debug|Any CPU.ActiveCfg = Debug|Any CPU
		{5891207A-6C55-4B16-A8D9-0E86FC1DDA49}.Debug|Any CPU.Build.0 = Debug|Any CPU
		{5891207A-6C55-4B16-A8D9-0E86FC1DDA49}.Release|Any CPU.ActiveCfg = Release|Any CPU
		{5891207A-6C55-4B16-A8D9-0E86FC1DDA49}.Release|Any CPU.Build.0 = Release|Any CPU
		{F0412602-26E6-4910-B1CF-F164F4CFFE6C}.Debug|Any CPU.ActiveCfg = Debug|Any CPU
		{F0412602-26E6-4910-B1CF-F164F4CFFE6C}.Debug|Any CPU.Build.0 = Debug|Any CPU
		{F0412602-26E6-4910-B1CF-F164F4CFFE6C}.Release|Any CPU.ActiveCfg = Release|Any CPU
		{F0412602-26E6-4910-B1CF-F164F4CFFE6C}.Release|Any CPU.Build.0 = Release|Any CPU
		{4AD42759-3D05-4109-A685-F94EF7123653}.Debug|Any CPU.ActiveCfg = Debug|Any CPU
		{4AD42759-3D05-4109-A685-F94EF7123653}.Debug|Any CPU.Build.0 = Debug|Any CPU
		{4AD42759-3D05-4109-A685-F94EF7123653}.Release|Any CPU.ActiveCfg = Release|Any CPU
		{4AD42759-3D05-4109-A685-F94EF7123653}.Release|Any CPU.Build.0 = Release|Any CPU
		{63B1D0CA-1275-4C44-BE33-F1DFFF7CAF50}.Debug|Any CPU.ActiveCfg = Debug|Any CPU
		{63B1D0CA-1275-4C44-BE33-F1DFFF7CAF50}.Debug|Any CPU.Build.0 = Debug|Any CPU
		{63B1D0CA-1275-4C44-BE33-F1DFFF7CAF50}.Release|Any CPU.ActiveCfg = Release|Any CPU
		{63B1D0CA-1275-4C44-BE33-F1DFFF7CAF50}.Release|Any CPU.Build.0 = Release|Any CPU
		{5699EFC4-60D3-4862-A265-F168BC04DED4}.Debug|Any CPU.ActiveCfg = Debug|Any CPU
		{5699EFC4-60D3-4862-A265-F168BC04DED4}.Debug|Any CPU.Build.0 = Debug|Any CPU
		{5699EFC4-60D3-4862-A265-F168BC04DED4}.Release|Any CPU.ActiveCfg = Release|Any CPU
		{5699EFC4-60D3-4862-A265-F168BC04DED4}.Release|Any CPU.Build.0 = Release|Any CPU
		{DC02320E-E97C-45F9-8F07-FEDE0DB76887}.Debug|Any CPU.ActiveCfg = Debug|Any CPU
		{DC02320E-E97C-45F9-8F07-FEDE0DB76887}.Debug|Any CPU.Build.0 = Debug|Any CPU
		{DC02320E-E97C-45F9-8F07-FEDE0DB76887}.Release|Any CPU.ActiveCfg = Release|Any CPU
		{DC02320E-E97C-45F9-8F07-FEDE0DB76887}.Release|Any CPU.Build.0 = Release|Any CPU
		{F6AD6863-7AA2-48DA-80B5-2CC9F6E4BCE8}.Debug|Any CPU.ActiveCfg = Debug|Any CPU
		{F6AD6863-7AA2-48DA-80B5-2CC9F6E4BCE8}.Debug|Any CPU.Build.0 = Debug|Any CPU
		{F6AD6863-7AA2-48DA-80B5-2CC9F6E4BCE8}.Release|Any CPU.ActiveCfg = Release|Any CPU
		{F6AD6863-7AA2-48DA-80B5-2CC9F6E4BCE8}.Release|Any CPU.Build.0 = Release|Any CPU
		{3975F557-F5EB-4DF7-ADD2-8831D946905D}.Debug|Any CPU.ActiveCfg = Debug|Any CPU
		{3975F557-F5EB-4DF7-ADD2-8831D946905D}.Debug|Any CPU.Build.0 = Debug|Any CPU
		{3975F557-F5EB-4DF7-ADD2-8831D946905D}.Release|Any CPU.ActiveCfg = Release|Any CPU
		{3975F557-F5EB-4DF7-ADD2-8831D946905D}.Release|Any CPU.Build.0 = Release|Any CPU
		{71680BEB-B259-409A-A3DF-562ECEB60C5A}.Debug|Any CPU.ActiveCfg = Debug|Any CPU
		{71680BEB-B259-409A-A3DF-562ECEB60C5A}.Debug|Any CPU.Build.0 = Debug|Any CPU
		{71680BEB-B259-409A-A3DF-562ECEB60C5A}.Release|Any CPU.ActiveCfg = Release|Any CPU
		{71680BEB-B259-409A-A3DF-562ECEB60C5A}.Release|Any CPU.Build.0 = Release|Any CPU
		{AE25E892-5917-487B-A6E3-DCF37AFEE6A6}.Debug|Any CPU.ActiveCfg = Debug|Any CPU
		{AE25E892-5917-487B-A6E3-DCF37AFEE6A6}.Debug|Any CPU.Build.0 = Debug|Any CPU
		{AE25E892-5917-487B-A6E3-DCF37AFEE6A6}.Release|Any CPU.ActiveCfg = Release|Any CPU
		{AE25E892-5917-487B-A6E3-DCF37AFEE6A6}.Release|Any CPU.Build.0 = Release|Any CPU
		{3278337B-B6C3-4C02-8D37-3EB17E1CDE85}.Debug|Any CPU.ActiveCfg = Debug|Any CPU
		{3278337B-B6C3-4C02-8D37-3EB17E1CDE85}.Debug|Any CPU.Build.0 = Debug|Any CPU
		{3278337B-B6C3-4C02-8D37-3EB17E1CDE85}.Release|Any CPU.ActiveCfg = Release|Any CPU
		{3278337B-B6C3-4C02-8D37-3EB17E1CDE85}.Release|Any CPU.Build.0 = Release|Any CPU
		{B595327E-E2D2-497B-A427-D6E01EECDBFB}.Debug|Any CPU.ActiveCfg = Debug|Any CPU
		{B595327E-E2D2-497B-A427-D6E01EECDBFB}.Debug|Any CPU.Build.0 = Debug|Any CPU
		{B595327E-E2D2-497B-A427-D6E01EECDBFB}.Release|Any CPU.ActiveCfg = Release|Any CPU
		{B595327E-E2D2-497B-A427-D6E01EECDBFB}.Release|Any CPU.Build.0 = Release|Any CPU
		{9A019F18-2FE5-41BD-80C3-DF7477983698}.Debug|Any CPU.ActiveCfg = Debug|Any CPU
		{9A019F18-2FE5-41BD-80C3-DF7477983698}.Debug|Any CPU.Build.0 = Debug|Any CPU
		{9A019F18-2FE5-41BD-80C3-DF7477983698}.Release|Any CPU.ActiveCfg = Release|Any CPU
		{9A019F18-2FE5-41BD-80C3-DF7477983698}.Release|Any CPU.Build.0 = Release|Any CPU
		{354F2DFA-CABD-42A2-A115-40CF6094AF5D}.Debug|Any CPU.ActiveCfg = Debug|Any CPU
		{354F2DFA-CABD-42A2-A115-40CF6094AF5D}.Debug|Any CPU.Build.0 = Debug|Any CPU
		{354F2DFA-CABD-42A2-A115-40CF6094AF5D}.Release|Any CPU.ActiveCfg = Release|Any CPU
		{354F2DFA-CABD-42A2-A115-40CF6094AF5D}.Release|Any CPU.Build.0 = Release|Any CPU
		{09BE2DAC-DC2B-4AAF-B424-BD7AEA3F1F04}.Debug|Any CPU.ActiveCfg = Debug|Any CPU
		{09BE2DAC-DC2B-4AAF-B424-BD7AEA3F1F04}.Debug|Any CPU.Build.0 = Debug|Any CPU
		{09BE2DAC-DC2B-4AAF-B424-BD7AEA3F1F04}.Release|Any CPU.ActiveCfg = Release|Any CPU
		{09BE2DAC-DC2B-4AAF-B424-BD7AEA3F1F04}.Release|Any CPU.Build.0 = Release|Any CPU
		{D4C012C7-E11D-44E7-94C3-79F9C04A350B}.Debug|Any CPU.ActiveCfg = Debug|Any CPU
		{D4C012C7-E11D-44E7-94C3-79F9C04A350B}.Debug|Any CPU.Build.0 = Debug|Any CPU
		{D4C012C7-E11D-44E7-94C3-79F9C04A350B}.Release|Any CPU.ActiveCfg = Release|Any CPU
		{D4C012C7-E11D-44E7-94C3-79F9C04A350B}.Release|Any CPU.Build.0 = Release|Any CPU
		{9FFD1E77-B186-4283-A814-A89CBE8E0ED8}.Debug|Any CPU.ActiveCfg = Debug|Any CPU
		{9FFD1E77-B186-4283-A814-A89CBE8E0ED8}.Debug|Any CPU.Build.0 = Debug|Any CPU
		{9FFD1E77-B186-4283-A814-A89CBE8E0ED8}.Release|Any CPU.ActiveCfg = Release|Any CPU
		{9FFD1E77-B186-4283-A814-A89CBE8E0ED8}.Release|Any CPU.Build.0 = Release|Any CPU
		{8C871E39-9E4E-445B-8760-1C0F4F3600E4}.Debug|Any CPU.ActiveCfg = Debug|Any CPU
		{8C871E39-9E4E-445B-8760-1C0F4F3600E4}.Debug|Any CPU.Build.0 = Debug|Any CPU
		{8C871E39-9E4E-445B-8760-1C0F4F3600E4}.Release|Any CPU.ActiveCfg = Release|Any CPU
		{8C871E39-9E4E-445B-8760-1C0F4F3600E4}.Release|Any CPU.Build.0 = Release|Any CPU
		{35704FF7-10E7-46AD-9F02-44FDFAC5F4A5}.Debug|Any CPU.ActiveCfg = Debug|Any CPU
		{35704FF7-10E7-46AD-9F02-44FDFAC5F4A5}.Debug|Any CPU.Build.0 = Debug|Any CPU
		{35704FF7-10E7-46AD-9F02-44FDFAC5F4A5}.Release|Any CPU.ActiveCfg = Release|Any CPU
		{35704FF7-10E7-46AD-9F02-44FDFAC5F4A5}.Release|Any CPU.Build.0 = Release|Any CPU
		{0D4DC057-F4D0-4475-A76D-CD8E4A1DE5B4}.Debug|Any CPU.ActiveCfg = Debug|Any CPU
		{0D4DC057-F4D0-4475-A76D-CD8E4A1DE5B4}.Debug|Any CPU.Build.0 = Debug|Any CPU
		{0D4DC057-F4D0-4475-A76D-CD8E4A1DE5B4}.Release|Any CPU.ActiveCfg = Release|Any CPU
		{0D4DC057-F4D0-4475-A76D-CD8E4A1DE5B4}.Release|Any CPU.Build.0 = Release|Any CPU
	EndGlobalSection
	GlobalSection(SolutionProperties) = preSolution
		HideSolutionNode = FALSE
	EndGlobalSection
	GlobalSection(NestedProjects) = preSolution
		{F88D0978-B31E-4959-B2D5-3BEED1E39FBF} = {A7C06301-0220-4C6C-A14D-6EB0D0C30C76}
		{F1A5B0D4-ACEC-4BA6-9D6C-8770F153EB06} = {A7C06301-0220-4C6C-A14D-6EB0D0C30C76}
		{365238BA-C6FF-4F33-80C9-963EAFE82E23} = {A7C06301-0220-4C6C-A14D-6EB0D0C30C76}
		{DF872BBB-ACEE-441F-8250-6A1F336C12C2} = {A7C06301-0220-4C6C-A14D-6EB0D0C30C76}
		{B90E5D98-F39E-4C5E-8C39-887BDB51EE5C} = {A7C06301-0220-4C6C-A14D-6EB0D0C30C76}
		{64115312-EB78-4A32-AE4D-B763CE7C7EC8} = {A7C06301-0220-4C6C-A14D-6EB0D0C30C76}
		{D37C8B4F-59F9-44BA-B415-EB623E9699E3} = {A7C06301-0220-4C6C-A14D-6EB0D0C30C76}
		{064FA7A2-C78D-4F0E-A136-05230D0BF3D5} = {844DD09E-D9A6-4640-A511-75ED29F2F924}
		{F2A12D38-8904-430F-9E5B-E23A8F83E113} = {844DD09E-D9A6-4640-A511-75ED29F2F924}
		{6402F0BB-5DD5-4DC9-88EE-B808AE05A3FB} = {844DD09E-D9A6-4640-A511-75ED29F2F924}
		{5DFE4F91-23A4-47BE-9D72-659443B4156E} = {844DD09E-D9A6-4640-A511-75ED29F2F924}
		{5D7C1B10-4B86-4487-B0B3-238DD46E7F35} = {844DD09E-D9A6-4640-A511-75ED29F2F924}
		{F77B4BA6-388C-4E69-98F9-B8F93B84F10E} = {844DD09E-D9A6-4640-A511-75ED29F2F924}
		{5D13020A-2E9B-4387-8323-1D7B120EC9E7} = {844DD09E-D9A6-4640-A511-75ED29F2F924}
		{ABF4B130-B158-4083-8131-F009BBE07932} = {844DD09E-D9A6-4640-A511-75ED29F2F924}
		{1FDE62C6-C934-4702-A647-358AB4B89D42} = {844DD09E-D9A6-4640-A511-75ED29F2F924}
		{82398D42-1EC2-496F-82C5-3ACBF1D64F59} = {F7758CC2-1AD3-473E-B08C-A7CD83105658}
		{B43B13B0-58E5-4AF9-AC94-989325346F62} = {F7758CC2-1AD3-473E-B08C-A7CD83105658}
		{687F0DA0-0AA8-4FEF-9D96-B752F4BB7A22} = {F7758CC2-1AD3-473E-B08C-A7CD83105658}
		{9320C037-CCB3-4405-973A-8A4D2FEF16FF} = {F7758CC2-1AD3-473E-B08C-A7CD83105658}
		{141CE96F-3D18-426B-9711-E337132D0B09} = {F7758CC2-1AD3-473E-B08C-A7CD83105658}
		{5891207A-6C55-4B16-A8D9-0E86FC1DDA49} = {F7758CC2-1AD3-473E-B08C-A7CD83105658}
		{F0412602-26E6-4910-B1CF-F164F4CFFE6C} = {F7758CC2-1AD3-473E-B08C-A7CD83105658}
		{4AD42759-3D05-4109-A685-F94EF7123653} = {F7758CC2-1AD3-473E-B08C-A7CD83105658}
		{63B1D0CA-1275-4C44-BE33-F1DFFF7CAF50} = {F7758CC2-1AD3-473E-B08C-A7CD83105658}
		{5699EFC4-60D3-4862-A265-F168BC04DED4} = {8D4D05A1-7AEB-4E9A-AACC-207062CE0525}
		{DC02320E-E97C-45F9-8F07-FEDE0DB76887} = {8D4D05A1-7AEB-4E9A-AACC-207062CE0525}
		{F6AD6863-7AA2-48DA-80B5-2CC9F6E4BCE8} = {8D4D05A1-7AEB-4E9A-AACC-207062CE0525}
		{3975F557-F5EB-4DF7-ADD2-8831D946905D} = {8D4D05A1-7AEB-4E9A-AACC-207062CE0525}
		{71680BEB-B259-409A-A3DF-562ECEB60C5A} = {8D4D05A1-7AEB-4E9A-AACC-207062CE0525}
		{AE25E892-5917-487B-A6E3-DCF37AFEE6A6} = {96B6B8E5-C44F-4BED-96DE-31ACFBAD7513}
		{3278337B-B6C3-4C02-8D37-3EB17E1CDE85} = {96B6B8E5-C44F-4BED-96DE-31ACFBAD7513}
		{B595327E-E2D2-497B-A427-D6E01EECDBFB} = {96B6B8E5-C44F-4BED-96DE-31ACFBAD7513}
		{9A019F18-2FE5-41BD-80C3-DF7477983698} = {96B6B8E5-C44F-4BED-96DE-31ACFBAD7513}
		{354F2DFA-CABD-42A2-A115-40CF6094AF5D} = {96B6B8E5-C44F-4BED-96DE-31ACFBAD7513}
		{09BE2DAC-DC2B-4AAF-B424-BD7AEA3F1F04} = {96B6B8E5-C44F-4BED-96DE-31ACFBAD7513}
		{D4C012C7-E11D-44E7-94C3-79F9C04A350B} = {96B6B8E5-C44F-4BED-96DE-31ACFBAD7513}
		{9FFD1E77-B186-4283-A814-A89CBE8E0ED8} = {96B6B8E5-C44F-4BED-96DE-31ACFBAD7513}
		{8C871E39-9E4E-445B-8760-1C0F4F3600E4} = {0D006B11-34F9-4867-807B-634C05C6673A}
		{35704FF7-10E7-46AD-9F02-44FDFAC5F4A5} = {0D006B11-34F9-4867-807B-634C05C6673A}
		{0D4DC057-F4D0-4475-A76D-CD8E4A1DE5B4} = {0D006B11-34F9-4867-807B-634C05C6673A}
	EndGlobalSection
	GlobalSection(ExtensibilityGlobals) = postSolution
		SolutionGuid = {FF4B8FFC-534F-4614-9647-3A84DD3CA5F5}
	EndGlobalSection
EndGlobal
